
Microsoft Visual Studio Solution File, Format Version 12.00
Project("{FAE04EC0-301F-11D3-BF4B-00C04F79EFBC}") = "SQLMS", "SQLMS\SQLMS.csproj", "{052FEBA0-28C2-49E0-9256-3ED3C4798632}"
EndProject
Global
	GlobalSection(SolutionConfigurationPlatforms) = preSolution
		Debug|Any CPU = Debug|Any CPU
		Release|Any CPU = Release|Any CPU
	EndGlobalSection
	GlobalSection(ProjectConfigurationPlatforms) = postSolution
		{052FEBA0-28C2-49E0-9256-3ED3C4798632}.Debug|Any CPU.ActiveCfg = Debug|Any CPU
		{052FEBA0-28C2-49E0-9256-3ED3C4798632}.Debug|Any CPU.Build.0 = Debug|Any CPU
		{052FEBA0-28C2-49E0-9256-3ED3C4798632}.Release|Any CPU.ActiveCfg = Release|Any CPU
		{052FEBA0-28C2-49E0-9256-3ED3C4798632}.Release|Any CPU.Build.0 = Release|Any CPU
	EndGlobalSection
EndGlobal
